<Solution>
  <Folder Name="/Solution Items/">
    <File Path=".dockerignore" />
    <File Path="docker-compose.prod.yml" />
    <File Path="docker-compose.yml" />
  </Folder>
  <Folder Name="/src/">
    <Project Path="src/Moneo.Api/Moneo.Api.csproj" />
  </Folder>
  <Folder Name="/tests/">
    <Project Path="tests/Moneo.Api.Tests/Moneo.Api.Tests.csproj" />
  </Folder>
</Solution>
